github.com/l00pss/citrinelexer v0.1.0 h1:hcDmoawiGs7mt39AjMwpBxxmr+dxqFBuiTpeKiZBVto=
github.com/l00pss/citrinelexer v0.1.0/go.mod h1:GC56cJTchV4WgjxYdq37z/1N4Mzo205wJF0jegE0OmE=
github.com/l00pss/citrinelexer v0.1.1 h1:iAC1di7JoPuVxCNH57MwRnZyhbIkNhHEYCTV0TxUWG4=
github.com/l00pss/citrinelexer v0.1.1/go.mod h1:GC56cJTchV4WgjxYdq37z/1N4Mzo205wJF0jegE0OmE=
github.com/l00pss/citrinelexer v0.1.2 h1:GFbzqToCtb0zf7ChZixdsbHssyswnGVtSN2vB+GVsSc=
github.com/l00pss/citrinelexer v0.1.2/go.mod h1:GC56cJTchV4WgjxYdq37z/1N4Mzo205wJF0jegE0OmE=
github.com/l00pss/citrinelexer v0.1.3 h1:UO0fMRrOwbgN6D4AJXQHnyX1FBB9RUATjzyVkk1eEn8=
github.com/l00pss/citrinelexer v0.1.3/go.mod h1:GC56cJTchV4WgjxYdq37z/1N4Mzo205wJF0jegE0OmE=
github.com/l00pss/citrinelexer v0.1.4 h1:4jHr5t6aVwZueX71ojxcVKTWxE26GVMBOMBuVRgQTfM=
github.com/l00pss/citrinelexer v0.1.4/go.mod h1:GC56cJTchV4WgjxYdq37z/1N4Mzo205wJF0jegE0OmE=
github.com/l00pss/citrinelexer v0.1.5 h1:DTCOR0/3fdBZGznW9EBO38t5TSHJljj6mQT28EPI2VI=
github.com/l00pss/citrinelexer v0.1.5/go.mod h1:GC56cJTchV4WgjxYdq37z/1N4Mzo205wJF0jegE0OmE=
github.com/l00pss/citrinelexer v0.1.6 h1:WhJFxKqGOHGyff68kPWTddL3w/uc7zRI2KJBVkrxnHE=
github.com/l00pss/citrinelexer v0.1.6/go.mod h1:GC56cJTchV4WgjxYdq37z/1N4Mzo205wJF0jegE0OmE=
github.com/l00pss/helpme/result v1.0.1 h1:jqzYYMXpSw1SXhsjQps3aVnoVO/omxscwuQRRUa7Yvc=
github.com/l00pss/helpme/result v1.0.1/go.mod h1:nIM0dE6A3ydc0xsbSdk6/TvsjCgpuzErU0orPgYxjYU=
github.com/l00pss/littlecache v1.0.0 h1:qq+T1QR64JQqRALf3URJpytKVGggOJRr8pdxvbtl/MU=
github.com/l00pss/littlecache v1.0.0/go.mod h1:NHzLYgnS9BsYoNBx90u9X7MsrV5E/tfuXSUKWN/lhJk=
github.com/l00pss/treego/bplustree v0.0.0-20260110130553-31c54e7ec102 h1:BOgc2X14XHyS0rQll9LH2VYbCsWQEiCCm1as/n1zrsY=
github.com/l00pss/treego/bplustree v0.0.0-20260110130553-31c54e7ec102/go.mod h1:7h1TVQx+g4G+fywgfiHCmOFZbWhilE9736JySlUgGs8=
github.com/l00pss/walrus v0.2.1 h1:CY2l/qyM1gNlCicH1+c03sFXo88xKv1StD7yPhgbmzc=
github.com/l00pss/walrus v0.2.1/go.mod h1:aI+459ePytQhkUjQ9bC1PgjD0ITfyBaGrmqlP92hxt0=
golang.org/x/sys v0.39.0 h1:CvCKL8MeisomCi6qNZ+wbb0DN9E5AATixKsvNtMoMFk=
golang.org/x/sys v0.39.0/go.mod h1:OgkHotnGiDImocRcuBABYBEXf8A9a87e/uXjp9XT3ks=
